
Microsoft Visual Studio Solution File, Format Version 12.00
# Visual Studio 2013
VisualStudioVersion = 12.0.30110.0
MinimumVisualStudioVersion = 10.0.40219.1
Project("{FAE04EC0-301F-11D3-BF4B-00C04F79EFBC}") = "Owin.EmbeddedHost", "Owin.EmbeddedHost\Owin.EmbeddedHost.csproj", "{E5D0CB49-C59A-42C1-BD6C-09DAF8C37578}"
EndProject
Project("{FAE04EC0-301F-11D3-BF4B-00C04F79EFBC}") = "Owin.EmbeddedHost.Tests", "Owin.EmbeddedHost.Tests\Owin.EmbeddedHost.Tests.csproj", "{38438BAA-18B4-4CCD-B827-F2558061BBF9}"
EndProject
Global
	GlobalSection(SolutionConfigurationPlatforms) = preSolution
		Debug|Any CPU = Debug|Any CPU
		Release|Any CPU = Release|Any CPU
	EndGlobalSection
	GlobalSection(ProjectConfigurationPlatforms) = postSolution
		{E5D0CB49-C59A-42C1-BD6C-09DAF8C37578}.Debug|Any CPU.ActiveCfg = Debug|Any CPU
		{E5D0CB49-C59A-42C1-BD6C-09DAF8C37578}.Debug|Any CPU.Build.0 = Debug|Any CPU
		{E5D0CB49-C59A-42C1-BD6C-09DAF8C37578}.Release|Any CPU.ActiveCfg = Release|Any CPU
		{E5D0CB49-C59A-42C1-BD6C-09DAF8C37578}.Release|Any CPU.Build.0 = Release|Any CPU
		{38438BAA-18B4-4CCD-B827-F2558061BBF9}.Debug|Any CPU.ActiveCfg = Debug|Any CPU
		{38438BAA-18B4-4CCD-B827-F2558061BBF9}.Debug|Any CPU.Build.0 = Debug|Any CPU
		{38438BAA-18B4-4CCD-B827-F2558061BBF9}.Release|Any CPU.ActiveCfg = Release|Any CPU
		{38438BAA-18B4-4CCD-B827-F2558061BBF9}.Release|Any CPU.Build.0 = Release|Any CPU
	EndGlobalSection
	GlobalSection(SolutionProperties) = preSolution
		HideSolutionNode = FALSE
	EndGlobalSection
EndGlobal
